
Microsoft Visual Studio Solution File, Format Version 12.00
# Visual Studio Version 17
VisualStudioVersion = 17.0.31903.59
MinimumVisualStudioVersion = 10.0.40219.1
Project("{2150E333-8FDC-42A3-9474-1A3956D46DE8}") = "src", "src", "{827E0CD3-B72D-47B6-A68D-7590B98EB39B}"
EndProject
Project("{FAE04EC0-301F-11D3-BF4B-00C04F79EFBC}") = "User.API", "src\User.API\User.API.csproj", "{D0774F19-3265-4C4A-A19E-C6E84BFFB02B}"
EndProject
Project("{FAE04EC0-301F-11D3-BF4B-00C04F79EFBC}") = "User.Application", "src\User.Application\User.Application.csproj", "{FD44AFEB-C679-4A11-BB37-557EB3DDB4E0}"
EndProject
Project("{FAE04EC0-301F-11D3-BF4B-00C04F79EFBC}") = "User.Domain", "src\User.Domain\User.Domain.csproj", "{0AFF272B-A0A3-47FC-B883-D92E82D26A43}"
EndProject
Project("{FAE04EC0-301F-11D3-BF4B-00C04F79EFBC}") = "User.Infrastructure", "src\User.Infrastructure\User.Infrastructure.csproj", "{097D5FFE-1BB2-465C-B7B0-7FEA600CDBA6}"
EndProject
Project("{FAE04EC0-301F-11D3-BF4B-00C04F79EFBC}") = "User.Persistence", "src\User.Persistence\User.Persistence.csproj", "{C5C1EF07-0C7A-4786-A1C3-3303DE5C7F30}"
EndProject
Global
	GlobalSection(SolutionConfigurationPlatforms) = preSolution
		Debug|Any CPU = Debug|Any CPU
		Debug|x64 = Debug|x64
		Debug|x86 = Debug|x86
		Release|Any CPU = Release|Any CPU
		Release|x64 = Release|x64
		Release|x86 = Release|x86
	EndGlobalSection
	GlobalSection(ProjectConfigurationPlatforms) = postSolution
		{D0774F19-3265-4C4A-A19E-C6E84BFFB02B}.Debug|Any CPU.ActiveCfg = Debug|Any CPU
		{D0774F19-3265-4C4A-A19E-C6E84BFFB02B}.Debug|Any CPU.Build.0 = Debug|Any CPU
		{D0774F19-3265-4C4A-A19E-C6E84BFFB02B}.Debug|x64.ActiveCfg = Debug|Any CPU
		{D0774F19-3265-4C4A-A19E-C6E84BFFB02B}.Debug|x64.Build.0 = Debug|Any CPU
		{D0774F19-3265-4C4A-A19E-C6E84BFFB02B}.Debug|x86.ActiveCfg = Debug|Any CPU
		{D0774F19-3265-4C4A-A19E-C6E84BFFB02B}.Debug|x86.Build.0 = Debug|Any CPU
		{D0774F19-3265-4C4A-A19E-C6E84BFFB02B}.Release|Any CPU.ActiveCfg = Release|Any CPU
		{D0774F19-3265-4C4A-A19E-C6E84BFFB02B}.Release|Any CPU.Build.0 = Release|Any CPU
		{D0774F19-3265-4C4A-A19E-C6E84BFFB02B}.Release|x64.ActiveCfg = Release|Any CPU
		{D0774F19-3265-4C4A-A19E-C6E84BFFB02B}.Release|x64.Build.0 = Release|Any CPU
		{D0774F19-3265-4C4A-A19E-C6E84BFFB02B}.Release|x86.ActiveCfg = Release|Any CPU
		{D0774F19-3265-4C4A-A19E-C6E84BFFB02B}.Release|x86.Build.0 = Release|Any CPU
		{FD44AFEB-C679-4A11-BB37-557EB3DDB4E0}.Debug|Any CPU.ActiveCfg = Debug|Any CPU
		{FD44AFEB-C679-4A11-BB37-557EB3DDB4E0}.Debug|Any CPU.Build.0 = Debug|Any CPU
		{FD44AFEB-C679-4A11-BB37-557EB3DDB4E0}.Debug|x64.ActiveCfg = Debug|Any CPU
		{FD44AFEB-C679-4A11-BB37-557EB3DDB4E0}.Debug|x64.Build.0 = Debug|Any CPU
		{FD44AFEB-C679-4A11-BB37-557EB3DDB4E0}.Debug|x86.ActiveCfg = Debug|Any CPU
		{FD44AFEB-C679-4A11-BB37-557EB3DDB4E0}.Debug|x86.Build.0 = Debug|Any CPU
		{FD44AFEB-C679-4A11-BB37-557EB3DDB4E0}.Release|Any CPU.ActiveCfg = Release|Any CPU
		{FD44AFEB-C679-4A11-BB37-557EB3DDB4E0}.Release|Any CPU.Build.0 = Release|Any CPU
		{FD44AFEB-C679-4A11-BB37-557EB3DDB4E0}.Release|x64.ActiveCfg = Release|Any CPU
		{FD44AFEB-C679-4A11-BB37-557EB3DDB4E0}.Release|x64.Build.0 = Release|Any CPU
		{FD44AFEB-C679-4A11-BB37-557EB3DDB4E0}.Release|x86.ActiveCfg = Release|Any CPU
		{FD44AFEB-C679-4A11-BB37-557EB3DDB4E0}.Release|x86.Build.0 = Release|Any CPU
		{0AFF272B-A0A3-47FC-B883-D92E82D26A43}.Debug|Any CPU.ActiveCfg = Debug|Any CPU
		{0AFF272B-A0A3-47FC-B883-D92E82D26A43}.Debug|Any CPU.Build.0 = Debug|Any CPU
		{0AFF272B-A0A3-47FC-B883-D92E82D26A43}.Debug|x64.ActiveCfg = Debug|Any CPU
		{0AFF272B-A0A3-47FC-B883-D92E82D26A43}.Debug|x64.Build.0 = Debug|Any CPU
		{0AFF272B-A0A3-47FC-B883-D92E82D26A43}.Debug|x86.ActiveCfg = Debug|Any CPU
		{0AFF272B-A0A3-47FC-B883-D92E82D26A43}.Debug|x86.Build.0 = Debug|Any CPU
		{0AFF272B-A0A3-47FC-B883-D92E82D26A43}.Release|Any CPU.ActiveCfg = Release|Any CPU
		{0AFF272B-A0A3-47FC-B883-D92E82D26A43}.Release|Any CPU.Build.0 = Release|Any CPU
		{0AFF272B-A0A3-47FC-B883-D92E82D26A43}.Release|x64.ActiveCfg = Release|Any CPU
		{0AFF272B-A0A3-47FC-B883-D92E82D26A43}.Release|x64.Build.0 = Release|Any CPU
		{0AFF272B-A0A3-47FC-B883-D92E82D26A43}.Release|x86.ActiveCfg = Release|Any CPU
		{0AFF272B-A0A3-47FC-B883-D92E82D26A43}.Release|x86.Build.0 = Release|Any CPU
		{097D5FFE-1BB2-465C-B7B0-7FEA600CDBA6}.Debug|Any CPU.ActiveCfg = Debug|Any CPU
		{097D5FFE-1BB2-465C-B7B0-7FEA600CDBA6}.Debug|Any CPU.Build.0 = Debug|Any CPU
		{097D5FFE-1BB2-465C-B7B0-7FEA600CDBA6}.Debug|x64.ActiveCfg = Debug|Any CPU
		{097D5FFE-1BB2-465C-B7B0-7FEA600CDBA6}.Debug|x64.Build.0 = Debug|Any CPU
		{097D5FFE-1BB2-465C-B7B0-7FEA600CDBA6}.Debug|x86.ActiveCfg = Debug|Any CPU
		{097D5FFE-1BB2-465C-B7B0-7FEA600CDBA6}.Debug|x86.Build.0 = Debug|Any CPU
		{097D5FFE-1BB2-465C-B7B0-7FEA600CDBA6}.Release|Any CPU.ActiveCfg = Release|Any CPU
		{097D5FFE-1BB2-465C-B7B0-7FEA600CDBA6}.Release|Any CPU.Build.0 = Release|Any CPU
		{097D5FFE-1BB2-465C-B7B0-7FEA600CDBA6}.Release|x64.ActiveCfg = Release|Any CPU
		{097D5FFE-1BB2-465C-B7B0-7FEA600CDBA6}.Release|x64.Build.0 = Release|Any CPU
		{097D5FFE-1BB2-465C-B7B0-7FEA600CDBA6}.Release|x86.ActiveCfg = Release|Any CPU
		{097D5FFE-1BB2-465C-B7B0-7FEA600CDBA6}.Release|x86.Build.0 = Release|Any CPU
		{C5C1EF07-0C7A-4786-A1C3-3303DE5C7F30}.Debug|Any CPU.ActiveCfg = Debug|Any CPU
		{C5C1EF07-0C7A-4786-A1C3-3303DE5C7F30}.Debug|Any CPU.Build.0 = Debug|Any CPU
		{C5C1EF07-0C7A-4786-A1C3-3303DE5C7F30}.Debug|x64.ActiveCfg = Debug|Any CPU
		{C5C1EF07-0C7A-4786-A1C3-3303DE5C7F30}.Debug|x64.Build.0 = Debug|Any CPU
		{C5C1EF07-0C7A-4786-A1C3-3303DE5C7F30}.Debug|x86.ActiveCfg = Debug|Any CPU
		{C5C1EF07-0C7A-4786-A1C3-3303DE5C7F30}.Debug|x86.Build.0 = Debug|Any CPU
		{C5C1EF07-0C7A-4786-A1C3-3303DE5C7F30}.Release|Any CPU.ActiveCfg = Release|Any CPU
		{C5C1EF07-0C7A-4786-A1C3-3303DE5C7F30}.Release|Any CPU.Build.0 = Release|Any CPU
		{C5C1EF07-0C7A-4786-A1C3-3303DE5C7F30}.Release|x64.ActiveCfg = Release|Any CPU
		{C5C1EF07-0C7A-4786-A1C3-3303DE5C7F30}.Release|x64.Build.0 = Release|Any CPU
		{C5C1EF07-0C7A-4786-A1C3-3303DE5C7F30}.Release|x86.ActiveCfg = Release|Any CPU
		{C5C1EF07-0C7A-4786-A1C3-3303DE5C7F30}.Release|x86.Build.0 = Release|Any CPU
	EndGlobalSection
	GlobalSection(SolutionProperties) = preSolution
		HideSolutionNode = FALSE
	EndGlobalSection
	GlobalSection(NestedProjects) = preSolution
		{D0774F19-3265-4C4A-A19E-C6E84BFFB02B} = {827E0CD3-B72D-47B6-A68D-7590B98EB39B}
		{FD44AFEB-C679-4A11-BB37-557EB3DDB4E0} = {827E0CD3-B72D-47B6-A68D-7590B98EB39B}
		{0AFF272B-A0A3-47FC-B883-D92E82D26A43} = {827E0CD3-B72D-47B6-A68D-7590B98EB39B}
		{097D5FFE-1BB2-465C-B7B0-7FEA600CDBA6} = {827E0CD3-B72D-47B6-A68D-7590B98EB39B}
		{C5C1EF07-0C7A-4786-A1C3-3303DE5C7F30} = {827E0CD3-B72D-47B6-A68D-7590B98EB39B}
	EndGlobalSection
EndGlobal
